
Microsoft Visual Studio Solution File, Format Version 12.00
# Visual Studio Version 16
VisualStudioVersion = 16.0.31105.61
MinimumVisualStudioVersion = 10.0.40219.1
Project("{9A19103F-16F7-4668-BE54-9A1E7A4F7556}") = "NeighborhoodMarket", "NeighborhoodMarket.csproj", "{A0BFD825-70D3-4FF2-AC63-470E0A2DEE9A}"
EndProject
Project("{FAE04EC0-301F-11D3-BF4B-00C04F79EFBC}") = "NeighborhoodMarket.DataAccess", "..\NeighborhoodMarket.DataAccess\NeighborhoodMarket.DataAccess.csproj", "{9F89E016-5540-4E1D-8473-267994B215AE}"
EndProject
Project("{FAE04EC0-301F-11D3-BF4B-00C04F79EFBC}") = "NeighborhoodMarket.Models", "..\NeighborhoodMarket.Models\NeighborhoodMarket.Models.csproj", "{918B91F3-3E6E-421A-BF03-B1EDBAB7A331}"
EndProject
Project("{FAE04EC0-301F-11D3-BF4B-00C04F79EFBC}") = "NeighborhoodMarket.Utilities", "..\NeighborhoodMarket.Utilities\NeighborhoodMarket.Utilities.csproj", "{B51B24C7-72DA-4BF4-AC99-A6F68F4D83AB}"
EndProject
Global
	GlobalSection(SolutionConfigurationPlatforms) = preSolution
		Debug|Any CPU = Debug|Any CPU
		Release|Any CPU = Release|Any CPU
	EndGlobalSection
	GlobalSection(ProjectConfigurationPlatforms) = postSolution
		{A0BFD825-70D3-4FF2-AC63-470E0A2DEE9A}.Debug|Any CPU.ActiveCfg = Debug|Any CPU
		{A0BFD825-70D3-4FF2-AC63-470E0A2DEE9A}.Debug|Any CPU.Build.0 = Debug|Any CPU
		{A0BFD825-70D3-4FF2-AC63-470E0A2DEE9A}.Release|Any CPU.ActiveCfg = Release|Any CPU
		{A0BFD825-70D3-4FF2-AC63-470E0A2DEE9A}.Release|Any CPU.Build.0 = Release|Any CPU
		{9F89E016-5540-4E1D-8473-267994B215AE}.Debug|Any CPU.ActiveCfg = Debug|Any CPU
		{9F89E016-5540-4E1D-8473-267994B215AE}.Debug|Any CPU.Build.0 = Debug|Any CPU
		{9F89E016-5540-4E1D-8473-267994B215AE}.Release|Any CPU.ActiveCfg = Release|Any CPU
		{9F89E016-5540-4E1D-8473-267994B215AE}.Release|Any CPU.Build.0 = Release|Any CPU
		{918B91F3-3E6E-421A-BF03-B1EDBAB7A331}.Debug|Any CPU.ActiveCfg = Debug|Any CPU
		{918B91F3-3E6E-421A-BF03-B1EDBAB7A331}.Debug|Any CPU.Build.0 = Debug|Any CPU
		{918B91F3-3E6E-421A-BF03-B1EDBAB7A331}.Release|Any CPU.ActiveCfg = Release|Any CPU
		{918B91F3-3E6E-421A-BF03-B1EDBAB7A331}.Release|Any CPU.Build.0 = Release|Any CPU
		{B51B24C7-72DA-4BF4-AC99-A6F68F4D83AB}.Debug|Any CPU.ActiveCfg = Debug|Any CPU
		{B51B24C7-72DA-4BF4-AC99-A6F68F4D83AB}.Debug|Any CPU.Build.0 = Debug|Any CPU
		{B51B24C7-72DA-4BF4-AC99-A6F68F4D83AB}.Release|Any CPU.ActiveCfg = Release|Any CPU
		{B51B24C7-72DA-4BF4-AC99-A6F68F4D83AB}.Release|Any CPU.Build.0 = Release|Any CPU
	EndGlobalSection
	GlobalSection(SolutionProperties) = preSolution
		HideSolutionNode = FALSE
	EndGlobalSection
	GlobalSection(ExtensibilityGlobals) = postSolution
		SolutionGuid = {CD2268BA-BBC9-403B-801C-F92F107F2A55}
	EndGlobalSection
EndGlobal
